
Microsoft Visual Studio Solution File, Format Version 12.00
# Visual Studio Version 17
VisualStudioVersion = 17.0.31919.166
MinimumVisualStudioVersion = 10.0.40219.1
Project("{FAE04EC0-301F-11D3-BF4B-00C04F79EFBC}") = "Nazzar", "Nazzar\Nazzar.csproj", "{C85722EB-724E-4C3E-AC1B-72412FC4D912}"
EndProject
Global
	GlobalSection(SolutionConfigurationPlatforms) = preSolution
		Debug|Any CPU = Debug|Any CPU
		Release|Any CPU = Release|Any CPU
	EndGlobalSection
	GlobalSection(ProjectConfigurationPlatforms) = postSolution
		{C85722EB-724E-4C3E-AC1B-72412FC4D912}.Debug|Any CPU.ActiveCfg = Debug|Any CPU
		{C85722EB-724E-4C3E-AC1B-72412FC4D912}.Debug|Any CPU.Build.0 = Debug|Any CPU
		{C85722EB-724E-4C3E-AC1B-72412FC4D912}.Release|Any CPU.ActiveCfg = Release|Any CPU
		{C85722EB-724E-4C3E-AC1B-72412FC4D912}.Release|Any CPU.Build.0 = Release|Any CPU
	EndGlobalSection
	GlobalSection(SolutionProperties) = preSolution
		HideSolutionNode = FALSE
	EndGlobalSection
	GlobalSection(ExtensibilityGlobals) = postSolution
		SolutionGuid = {342D5902-670A-4B03-B0EB-27DBBFF77752}
	EndGlobalSection
EndGlobal
